
Microsoft Visual Studio Solution File, Format Version 12.00
# Visual Studio Version 16
VisualStudioVersion = 16.0.31702.278
MinimumVisualStudioVersion = 10.0.40219.1
Project("{FAE04EC0-301F-11D3-BF4B-00C04F79EFBC}") = "testAdd", "testAdd\testAdd.csproj", "{5770E6B6-058E-4413-895E-626A10CB9C13}"
	ProjectSection(ProjectDependencies) = postProject
		{1202120F-4ABB-4295-BFD6-5B5D2168658E} = {1202120F-4ABB-4295-BFD6-5B5D2168658E}
	EndProjectSection
EndProject
Project("{8BC9CEB8-8B4A-11D0-8D11-00A0C91BC942}") = "add", "add\add\add.vcxproj", "{1202120F-4ABB-4295-BFD6-5B5D2168658E}"
EndProject
Global
	GlobalSection(SolutionConfigurationPlatforms) = preSolution
		Debug|Any CPU = Debug|Any CPU
		Debug|x64 = Debug|x64
		Debug|x86 = Debug|x86
		Release|Any CPU = Release|Any CPU
		Release|x64 = Release|x64
		Release|x86 = Release|x86
	EndGlobalSection
	GlobalSection(ProjectConfigurationPlatforms) = postSolution
		{5770E6B6-058E-4413-895E-626A10CB9C13}.Debug|Any CPU.ActiveCfg = Debug|Any CPU
		{5770E6B6-058E-4413-895E-626A10CB9C13}.Debug|Any CPU.Build.0 = Debug|Any CPU
		{5770E6B6-058E-4413-895E-626A10CB9C13}.Debug|x64.ActiveCfg = Debug|Any CPU
		{5770E6B6-058E-4413-895E-626A10CB9C13}.Debug|x64.Build.0 = Debug|Any CPU
		{5770E6B6-058E-4413-895E-626A10CB9C13}.Debug|x86.ActiveCfg = Debug|x86
		{5770E6B6-058E-4413-895E-626A10CB9C13}.Debug|x86.Build.0 = Debug|x86
		{5770E6B6-058E-4413-895E-626A10CB9C13}.Release|Any CPU.ActiveCfg = Release|Any CPU
		{5770E6B6-058E-4413-895E-626A10CB9C13}.Release|Any CPU.Build.0 = Release|Any CPU
		{5770E6B6-058E-4413-895E-626A10CB9C13}.Release|x64.ActiveCfg = Release|Any CPU
		{5770E6B6-058E-4413-895E-626A10CB9C13}.Release|x64.Build.0 = Release|Any CPU
		{5770E6B6-058E-4413-895E-626A10CB9C13}.Release|x86.ActiveCfg = Release|x86
		{5770E6B6-058E-4413-895E-626A10CB9C13}.Release|x86.Build.0 = Release|x86
		{1202120F-4ABB-4295-BFD6-5B5D2168658E}.Debug|Any CPU.ActiveCfg = Debug|Win32
		{1202120F-4ABB-4295-BFD6-5B5D2168658E}.Debug|x64.ActiveCfg = Debug|x64
		{1202120F-4ABB-4295-BFD6-5B5D2168658E}.Debug|x64.Build.0 = Debug|x64
		{1202120F-4ABB-4295-BFD6-5B5D2168658E}.Debug|x86.ActiveCfg = Debug|Win32
		{1202120F-4ABB-4295-BFD6-5B5D2168658E}.Debug|x86.Build.0 = Debug|Win32
		{1202120F-4ABB-4295-BFD6-5B5D2168658E}.Release|Any CPU.ActiveCfg = Release|Win32
		{1202120F-4ABB-4295-BFD6-5B5D2168658E}.Release|x64.ActiveCfg = Release|x64
		{1202120F-4ABB-4295-BFD6-5B5D2168658E}.Release|x64.Build.0 = Release|x64
		{1202120F-4ABB-4295-BFD6-5B5D2168658E}.Release|x86.ActiveCfg = Release|Win32
		{1202120F-4ABB-4295-BFD6-5B5D2168658E}.Release|x86.Build.0 = Release|Win32
	EndGlobalSection
	GlobalSection(SolutionProperties) = preSolution
		HideSolutionNode = FALSE
	EndGlobalSection
	GlobalSection(ExtensibilityGlobals) = postSolution
		SolutionGuid = {3530E45D-BE11-434E-B8FE-81048EF74E45}
	EndGlobalSection
EndGlobal
